
Microsoft Visual Studio Solution File, Format Version 12.00
# Visual Studio Version 17
VisualStudioVersion = 17.1.32210.238
MinimumVisualStudioVersion = 10.0.40219.1
Project("{FAE04EC0-301F-11D3-BF4B-00C04F79EFBC}") = "TPMOD2_1", "TPMOD2_1\TPMOD2_1.csproj", "{8DFB26C9-54B4-43BA-8BED-5ED2263A9E1E}"
EndProject
Global
	GlobalSection(SolutionConfigurationPlatforms) = preSolution
		Debug|Any CPU = Debug|Any CPU
		Release|Any CPU = Release|Any CPU
	EndGlobalSection
	GlobalSection(ProjectConfigurationPlatforms) = postSolution
		{8DFB26C9-54B4-43BA-8BED-5ED2263A9E1E}.Debug|Any CPU.ActiveCfg = Debug|Any CPU
		{8DFB26C9-54B4-43BA-8BED-5ED2263A9E1E}.Debug|Any CPU.Build.0 = Debug|Any CPU
		{8DFB26C9-54B4-43BA-8BED-5ED2263A9E1E}.Release|Any CPU.ActiveCfg = Release|Any CPU
		{8DFB26C9-54B4-43BA-8BED-5ED2263A9E1E}.Release|Any CPU.Build.0 = Release|Any CPU
	EndGlobalSection
	GlobalSection(SolutionProperties) = preSolution
		HideSolutionNode = FALSE
	EndGlobalSection
	GlobalSection(ExtensibilityGlobals) = postSolution
		SolutionGuid = {7C18060B-CC1C-46FD-992A-1861A70753CE}
	EndGlobalSection
EndGlobal
